
Microsoft Visual Studio Solution File, Format Version 12.00
# Visual Studio 15
VisualStudioVersion = 15.0.28010.2041
MinimumVisualStudioVersion = 10.0.40219.1
Project("{8BC9CEB8-8B4A-11D0-8D11-00A0C91BC942}") = "RockPaperScissors", "RockPaperScissors\RockPaperScissors.vcxproj", "{1666DA6A-6D34-4A16-B89F-545C3C52D742}"
EndProject
Global
	GlobalSection(SolutionConfigurationPlatforms) = preSolution
		Debug|x64 = Debug|x64
		Debug|x86 = Debug|x86
		Release|x64 = Release|x64
		Release|x86 = Release|x86
	EndGlobalSection
	GlobalSection(ProjectConfigurationPlatforms) = postSolution
		{1666DA6A-6D34-4A16-B89F-545C3C52D742}.Debug|x64.ActiveCfg = Debug|x64
		{1666DA6A-6D34-4A16-B89F-545C3C52D742}.Debug|x64.Build.0 = Debug|x64
		{1666DA6A-6D34-4A16-B89F-545C3C52D742}.Debug|x86.ActiveCfg = Debug|Win32
		{1666DA6A-6D34-4A16-B89F-545C3C52D742}.Debug|x86.Build.0 = Debug|Win32
		{1666DA6A-6D34-4A16-B89F-545C3C52D742}.Release|x64.ActiveCfg = Release|x64
		{1666DA6A-6D34-4A16-B89F-545C3C52D742}.Release|x64.Build.0 = Release|x64
		{1666DA6A-6D34-4A16-B89F-545C3C52D742}.Release|x86.ActiveCfg = Release|Win32
		{1666DA6A-6D34-4A16-B89F-545C3C52D742}.Release|x86.Build.0 = Release|Win32
	EndGlobalSection
	GlobalSection(SolutionProperties) = preSolution
		HideSolutionNode = FALSE
	EndGlobalSection
	GlobalSection(ExtensibilityGlobals) = postSolution
		SolutionGuid = {68EE0662-CFB3-48B0-A4D4-90419186C242}
	EndGlobalSection
EndGlobal
